
Microsoft Visual Studio Solution File, Format Version 12.00
# Visual Studio Version 17
VisualStudioVersion = 17.9.34701.34
MinimumVisualStudioVersion = 10.0.40219.1
Project("{FAE04EC0-301F-11D3-BF4B-00C04F79EFBC}") = "QuickResponseCodeCrafter", "QuickResponseCodeCrafter\QuickResponseCodeCrafter.csproj", "{8B014159-8B6C-45B9-867A-9905BB40A531}"
EndProject
Global
	GlobalSection(SolutionConfigurationPlatforms) = preSolution
		Debug|Any CPU = Debug|Any CPU
		Release|Any CPU = Release|Any CPU
	EndGlobalSection
	GlobalSection(ProjectConfigurationPlatforms) = postSolution
		{8B014159-8B6C-45B9-867A-9905BB40A531}.Debug|Any CPU.ActiveCfg = Debug|Any CPU
		{8B014159-8B6C-45B9-867A-9905BB40A531}.Debug|Any CPU.Build.0 = Debug|Any CPU
		{8B014159-8B6C-45B9-867A-9905BB40A531}.Debug|Any CPU.Deploy.0 = Debug|Any CPU
		{8B014159-8B6C-45B9-867A-9905BB40A531}.Release|Any CPU.ActiveCfg = Release|Any CPU
		{8B014159-8B6C-45B9-867A-9905BB40A531}.Release|Any CPU.Build.0 = Release|Any CPU
		{8B014159-8B6C-45B9-867A-9905BB40A531}.Release|Any CPU.Deploy.0 = Release|Any CPU
	EndGlobalSection
	GlobalSection(SolutionProperties) = preSolution
		HideSolutionNode = FALSE
	EndGlobalSection
	GlobalSection(ExtensibilityGlobals) = postSolution
		SolutionGuid = {65458631-2E55-44AF-BF35-3BC17CB793F5}
	EndGlobalSection
EndGlobal
